{"1.2.0",
[{<<"bear">>,{pkg,<<"bear">>,<<"0.8.7">>},1},
 {<<"bitcask">>,
  {git,"https://github.com/OpenRiak/bitcask",
       {ref,"1fcc4fb5fc6685b27ab4ae61ea07c40c421db1cf"}},
  0},
 {<<"eleveldb">>,
  {git,"https://github.com/OpenRiak/eleveldb",
       {ref,"4893c442041723b0b2070781e1e59213e6479efb"}},
  0},
 {<<"folsom">>,{pkg,<<"folsom">>,<<"0.8.7">>},0},
 {<<"getopt">>,
  {git,"https://github.com/jcomellas/getopt",
       {ref,"388dc95caa7fb97ec7db8cfc39246a36aba61bd8"}},
  0},
 {<<"goldrush">>,{pkg,<<"goldrush">>,<<"0.1.9">>},1},
 {<<"ibrowse">>,
  {git,"https://github.com/OpenRiak/ibrowse.git",
       {ref,"85b48cdf1f2e86c33577dafeb60829b89cad81f8"}},
  0},
 {<<"lager">>,
  {git,"https://github.com/erlang-lager/lager",
       {ref,"c5447d2d85a0d446d41a79bffe0a6a66bd50c901"}},
  0},
 {<<"mochiweb">>,
  {git,"https://github.com/OpenRiak/mochiweb",
       {ref,"c6199cc154f01df1e9f1b8d8e60b738434ff9856"}},
  0},
 {<<"riak_pb">>,
  {git,"https://github.com/OpenRiak/riak_pb",
       {ref,"a03e9be71c2857b3b65a8b68ffe421f3ca3457b8"}},
  2},
 {<<"riakc">>,
  {git,"https://github.com/nhs-riak/riak-erlang-client",
       {ref,"70bd36f05225075a163821c5378dba9960c7ac23"}},
  1},
 {<<"riakhttpc">>,
  {git,"https://github.com/OpenRiak/riak-erlang-http-client",
       {ref,"7b3f60b6109b5e4807c102feb5ae6658cd1b63ec"}},
  0},
 {<<"webmachine">>,
  {git,"https://github.com/webmachine/webmachine.git",
       {ref,"ee5f28f672b4f21a34e126d7384bc311d59077e4"}},
  1}]}.
[
{pkg_hash,[
 {<<"bear">>, <<"16264309AE5D005D03718A5C82641FCC259C9E8F09ADEB6FD79CA4271168656F">>},
 {<<"folsom">>, <<"A885F0AEEE4C84270954C88A55A5A473D6B2C7493E32FFDC5765412DD555A951">>},
 {<<"goldrush">>, <<"F06E5D5F1277DA5C413E84D5A2924174182FB108DABB39D5EC548B27424CD106">>}]},
{pkg_hash_ext,[
 {<<"bear">>, <<"534217DCE6A719D59E54FB0EB7A367900DBFC5F85757E8C1F94269DF383F6D9B">>},
 {<<"folsom">>, <<"F7B644FC002A75AF00B8BFBD3CC5C2BD955E09A118D2982D9A6C04E5646FF367">>},
 {<<"goldrush">>, <<"99CB4128CFFCB3227581E5D4D803D5413FA643F4EB96523F77D9E6937D994CEB">>}]}
].
